
Microsoft Visual Studio Solution File, Format Version 12.00
# Visual Studio Version 17
VisualStudioVersion = 17.2.32616.157
MinimumVisualStudioVersion = 10.0.40219.1
Project("{FAE04EC0-301F-11D3-BF4B-00C04F79EFBC}") = "api_show_url_guide", "api_show_url_guide\api_show_url_guide.csproj", "{60B09743-7426-4B9A-93AC-A1EB27C80BF5}"
EndProject
Global
	GlobalSection(SolutionConfigurationPlatforms) = preSolution
		Debug|Any CPU = Debug|Any CPU
		Release|Any CPU = Release|Any CPU
	EndGlobalSection
	GlobalSection(ProjectConfigurationPlatforms) = postSolution
		{60B09743-7426-4B9A-93AC-A1EB27C80BF5}.Debug|Any CPU.ActiveCfg = Debug|Any CPU
		{60B09743-7426-4B9A-93AC-A1EB27C80BF5}.Debug|Any CPU.Build.0 = Debug|Any CPU
		{60B09743-7426-4B9A-93AC-A1EB27C80BF5}.Release|Any CPU.ActiveCfg = Release|Any CPU
		{60B09743-7426-4B9A-93AC-A1EB27C80BF5}.Release|Any CPU.Build.0 = Release|Any CPU
	EndGlobalSection
	GlobalSection(SolutionProperties) = preSolution
		HideSolutionNode = FALSE
	EndGlobalSection
	GlobalSection(ExtensibilityGlobals) = postSolution
		SolutionGuid = {9273485B-D267-40AA-A0EB-12C18ECA0DFE}
	EndGlobalSection
EndGlobal
